{
    "name": "vibebilling",
    "version": "0.5.63",
    "lockfileVersion": 3,
    "requires": true,
    "packages": {
        "": {
            "name": "vibebilling",
            "version": "0.5.63",
            "license": "MIT",
            "bin": {
                "vibe-billing": "bin/cli.js",
                "vibebilling": "bin/cli.js"
            },
            "engines": {
                "node": ">=18"
            }
        }
    }
}
